
Microsoft Visual Studio Solution File, Format Version 12.00
# Visual Studio 15
VisualStudioVersion = 15.0.28307.421
MinimumVisualStudioVersion = 10.0.40219.1
Project("{8BC9CEB8-8B4A-11D0-8D11-00A0C91BC942}") = "homework", "homework\homework.vcxproj", "{6D37CAD6-F25B-4782-84F9-689CEFDEDE77}"
EndProject
Project("{8BC9CEB8-8B4A-11D0-8D11-00A0C91BC942}") = "7-1", "7-1\7-1.vcxproj", "{98293B4D-276E-49F4-931F-EED1A449EC65}"
EndProject
Project("{8BC9CEB8-8B4A-11D0-8D11-00A0C91BC942}") = "7-5", "7-5\7-5.vcxproj", "{5774A12B-4121-48A4-9B5B-56C746E9286F}"
EndProject
Project("{8BC9CEB8-8B4A-11D0-8D11-00A0C91BC942}") = "7-b1", "7-b1\7-b1.vcxproj", "{8B833519-A2D1-4C38-828B-0492ED0550C9}"
EndProject
Project("{8BC9CEB8-8B4A-11D0-8D11-00A0C91BC942}") = "7-b2-1", "7-b2-1\7-b2-1.vcxproj", "{259B9C0B-EE76-455D-90C0-875FEE7A9BA5}"
EndProject
Project("{8BC9CEB8-8B4A-11D0-8D11-00A0C91BC942}") = "7-b2-2", "7-b2-2\7-b2-2.vcxproj", "{1B26E4CE-7225-4442-9794-B091504AC405}"
EndProject
Project("{8BC9CEB8-8B4A-11D0-8D11-00A0C91BC942}") = "7-b3-1", "7-b3-1\7-b3-1.vcxproj", "{1901D3AD-566B-4084-818C-8E61BB24F385}"
EndProject
Project("{8BC9CEB8-8B4A-11D0-8D11-00A0C91BC942}") = "7-b3-2", "7-b3-2\7-b3-2.vcxproj", "{027F570A-57CF-44B7-A3A5-74B676E188C8}"
EndProject
Project("{8BC9CEB8-8B4A-11D0-8D11-00A0C91BC942}") = "7-b4-1", "7-b4-1\7-b4-1.vcxproj", "{D71500D7-C0C7-4F1B-81AD-5C3535507328}"
EndProject
Project("{8BC9CEB8-8B4A-11D0-8D11-00A0C91BC942}") = "7-b4-2", "7-b4-2\7-b4-2.vcxproj", "{F330A30F-BAD2-42D6-A164-608DE5792B21}"
EndProject
Project("{8BC9CEB8-8B4A-11D0-8D11-00A0C91BC942}") = "7-b5", "7-b5\7-b5.vcxproj", "{33EF4D36-6A9F-4BC0-86CE-6014A900C769}"
EndProject
Project("{8BC9CEB8-8B4A-11D0-8D11-00A0C91BC942}") = "7-b6", "7-b6\7-b6.vcxproj", "{076A0C4B-52FB-4B16-9681-FACD40B287A8}"
EndProject
Project("{8BC9CEB8-8B4A-11D0-8D11-00A0C91BC942}") = "7-b7", "7-b7\7-b7.vcxproj", "{30BDD0A0-1F38-4BF6-B3CE-B61A96D76190}"
EndProject
Project("{8BC9CEB8-8B4A-11D0-8D11-00A0C91BC942}") = "7-b8", "7-b8\7-b8.vcxproj", "{7F78EA4E-64AA-4669-89BA-D1BCD9B73137}"
EndProject
Project("{8BC9CEB8-8B4A-11D0-8D11-00A0C91BC942}") = "99-j1-windows", "99-j1-windows\99-j1-windows.vcxproj", "{C9E2B46D-B801-4A7E-9F87-B7DE7E3C4268}"
EndProject
Project("{8BC9CEB8-8B4A-11D0-8D11-00A0C91BC942}") = "99-j1-linux", "99-j1-linux\99-j1-linux.vcxproj", "{4C8B31CB-3396-4D5A-AB73-10F806413A1C}"
EndProject
Project("{8BC9CEB8-8B4A-11D0-8D11-00A0C91BC942}") = "7-b10", "7-b10\7-b10.vcxproj", "{8E7BEADA-1AD5-4DC9-AD09-7C94CAE5CC70}"
EndProject
Project("{8BC9CEB8-8B4A-11D0-8D11-00A0C91BC942}") = "7-b11", "7-b11\7-b11.vcxproj", "{D103F49E-F8A6-4E11-B61D-E71AE3749933}"
EndProject
Project("{8BC9CEB8-8B4A-11D0-8D11-00A0C91BC942}") = "7-b12", "7-b12\7-b12.vcxproj", "{80E65A95-0E22-495A-865F-592563EDBAAC}"
EndProject
Project("{8BC9CEB8-8B4A-11D0-8D11-00A0C91BC942}") = "7-b13", "7-b13\7-b13.vcxproj", "{4EA52EF2-0951-4DCD-808C-91039F2F93E1}"
EndProject
Project("{8BC9CEB8-8B4A-11D0-8D11-00A0C91BC942}") = "7-b14", "7-b14\7-b14.vcxproj", "{FC9B747F-2FC9-45BD-8A8B-E5018F5E28CA}"
EndProject
Project("{8BC9CEB8-8B4A-11D0-8D11-00A0C91BC942}") = "7-b15", "7-b15\7-b15.vcxproj", "{3D26C78F-B068-4BCD-AF7D-DFB9BCA2A57B}"
EndProject
Project("{8BC9CEB8-8B4A-11D0-8D11-00A0C91BC942}") = "7-b16", "7-b16\7-b16.vcxproj", "{35827D5D-7FB9-4643-844F-3FA151BFE9D2}"
EndProject
Project("{8BC9CEB8-8B4A-11D0-8D11-00A0C91BC942}") = "7-b17", "7-b17\7-b17.vcxproj", "{9BB45325-DFFB-4BDC-B16D-7543AD09605A}"
EndProject
Project("{8BC9CEB8-8B4A-11D0-8D11-00A0C91BC942}") = "7-b18", "7-b18\7-b18.vcxproj", "{9EF13BE9-702F-4C5E-8369-098C148953BE}"
EndProject
Project("{8BC9CEB8-8B4A-11D0-8D11-00A0C91BC942}") = "7-b19", "7-b19\7-b19.vcxproj", "{7322F29A-B40C-47F1-980F-EB0CB789CEF4}"
EndProject
Project("{8BC9CEB8-8B4A-11D0-8D11-00A0C91BC942}") = "7-b20", "7-b20\7-b20.vcxproj", "{164AA563-46F3-49AD-952B-35F42BD1A53C}"
EndProject
Project("{8BC9CEB8-8B4A-11D0-8D11-00A0C91BC942}") = "7-b21", "7-b21\7-b21.vcxproj", "{59CB036E-EB0C-4ED0-AD00-6FA45EA0D581}"
EndProject
Project("{8BC9CEB8-8B4A-11D0-8D11-00A0C91BC942}") = "7-b22", "7-b22\7-b22.vcxproj", "{DE66620F-C52F-43E8-BA60-8BB21824C581}"
EndProject
Project("{8BC9CEB8-8B4A-11D0-8D11-00A0C91BC942}") = "7-b23", "7-b23\7-b23.vcxproj", "{79E20029-3A6F-4AC0-A443-608FA1447BAC}"
EndProject
Project("{8BC9CEB8-8B4A-11D0-8D11-00A0C91BC942}") = "7-b24", "7-b24\7-b24.vcxproj", "{CA826355-8B46-44D3-BFAD-3BD4FF38C1A3}"
EndProject
Project("{8BC9CEB8-8B4A-11D0-8D11-00A0C91BC942}") = "7-b25-1", "7-b25-1\7-b25-1.vcxproj", "{83FE672D-D5EB-4F3E-8D26-62011D4BB758}"
EndProject
Project("{8BC9CEB8-8B4A-11D0-8D11-00A0C91BC942}") = "7-b25-2", "7-b25-2\7-b25-2.vcxproj", "{09D4F9CC-8C21-402C-96AA-35EAB7E0901F}"
EndProject
Project("{8BC9CEB8-8B4A-11D0-8D11-00A0C91BC942}") = "7-b26", "7-b26\7-b26.vcxproj", "{DA4BF0EB-F0FA-4B17-81C1-7367CE478993}"
EndProject
Project("{8BC9CEB8-8B4A-11D0-8D11-00A0C91BC942}") = "7-b28-1", "7-b28-1\7-b28-1.vcxproj", "{5DB13E39-81A6-47CB-9B0B-544429EE750A}"
EndProject
Project("{8BC9CEB8-8B4A-11D0-8D11-00A0C91BC942}") = "7-b28-2", "7-b28-2\7-b28-2.vcxproj", "{28C2636F-7A48-44AF-AB25-7E0CD80967E4}"
EndProject
Project("{8BC9CEB8-8B4A-11D0-8D11-00A0C91BC942}") = "7-b27", "7-b27\7-b27.vcxproj", "{059CC7C4-65AA-41E6-BF3B-508AE274505F}"
EndProject
Project("{8BC9CEB8-8B4A-11D0-8D11-00A0C91BC942}") = "7-b28", "7-b28\7-b28.vcxproj", "{C6E1D1E6-360C-442F-9606-BC94D1C65DB2}"
EndProject
Project("{8BC9CEB8-8B4A-11D0-8D11-00A0C91BC942}") = "8-1", "8-1\8-1.vcxproj", "{8E32C626-D9F6-4A80-A7C8-DA56E7F8FB58}"
EndProject
Project("{8BC9CEB8-8B4A-11D0-8D11-00A0C91BC942}") = "8-2", "8-2\8-2.vcxproj", "{59DC5017-BDD8-42CE-9EA0-D0F1D41F92B0}"
EndProject
Project("{8BC9CEB8-8B4A-11D0-8D11-00A0C91BC942}") = "8-3", "8-3\8-3.vcxproj", "{6DA97934-3F18-4BEE-9C29-D091AE06E615}"
EndProject
Project("{8BC9CEB8-8B4A-11D0-8D11-00A0C91BC942}") = "8-6", "8-6\8-6.vcxproj", "{5659CB39-7B02-4787-92D5-EAFB46EDEFFE}"
EndProject
Project("{8BC9CEB8-8B4A-11D0-8D11-00A0C91BC942}") = "7-b31", "7-b31\7-b31.vcxproj", "{E9B77C2F-45EA-45D9-BBD2-F157791E194F}"
EndProject
Project("{8BC9CEB8-8B4A-11D0-8D11-00A0C91BC942}") = "7-b32", "7-b32\7-b32.vcxproj", "{21B6084C-E7E4-427C-88B6-FED61D33658C}"
EndProject
Project("{8BC9CEB8-8B4A-11D0-8D11-00A0C91BC942}") = "7-b33", "7-b33\7-b33.vcxproj", "{70B84326-67FD-4324-94E8-0DD64103AA24}"
EndProject
Project("{8BC9CEB8-8B4A-11D0-8D11-00A0C91BC942}") = "7-b34-1", "7-b34-1\7-b34-1.vcxproj", "{3B23B13C-BD2B-48BD-BEEB-D5CB737371AD}"
EndProject
Project("{8BC9CEB8-8B4A-11D0-8D11-00A0C91BC942}") = "7-b34-2", "7-b34-2\7-b34-2.vcxproj", "{CD58A3D3-8895-4125-9673-ACCA1443C6FF}"
EndProject
Global
	GlobalSection(SolutionConfigurationPlatforms) = preSolution
		Debug|x64 = Debug|x64
		Debug|x86 = Debug|x86
		Release|x64 = Release|x64
		Release|x86 = Release|x86
	EndGlobalSection
	GlobalSection(ProjectConfigurationPlatforms) = postSolution
		{6D37CAD6-F25B-4782-84F9-689CEFDEDE77}.Debug|x64.ActiveCfg = Debug|x64
		{6D37CAD6-F25B-4782-84F9-689CEFDEDE77}.Debug|x64.Build.0 = Debug|x64
		{6D37CAD6-F25B-4782-84F9-689CEFDEDE77}.Debug|x86.ActiveCfg = Debug|Win32
		{6D37CAD6-F25B-4782-84F9-689CEFDEDE77}.Debug|x86.Build.0 = Debug|Win32
		{6D37CAD6-F25B-4782-84F9-689CEFDEDE77}.Release|x64.ActiveCfg = Release|x64
		{6D37CAD6-F25B-4782-84F9-689CEFDEDE77}.Release|x64.Build.0 = Release|x64
		{6D37CAD6-F25B-4782-84F9-689CEFDEDE77}.Release|x86.ActiveCfg = Release|Win32
		{6D37CAD6-F25B-4782-84F9-689CEFDEDE77}.Release|x86.Build.0 = Release|Win32
		{98293B4D-276E-49F4-931F-EED1A449EC65}.Debug|x64.ActiveCfg = Debug|x64
		{98293B4D-276E-49F4-931F-EED1A449EC65}.Debug|x64.Build.0 = Debug|x64
		{98293B4D-276E-49F4-931F-EED1A449EC65}.Debug|x86.ActiveCfg = Debug|Win32
		{98293B4D-276E-49F4-931F-EED1A449EC65}.Debug|x86.Build.0 = Debug|Win32
		{98293B4D-276E-49F4-931F-EED1A449EC65}.Release|x64.ActiveCfg = Release|x64
		{98293B4D-276E-49F4-931F-EED1A449EC65}.Release|x64.Build.0 = Release|x64
		{98293B4D-276E-49F4-931F-EED1A449EC65}.Release|x86.ActiveCfg = Release|Win32
		{98293B4D-276E-49F4-931F-EED1A449EC65}.Release|x86.Build.0 = Release|Win32
		{5774A12B-4121-48A4-9B5B-56C746E9286F}.Debug|x64.ActiveCfg = Debug|x64
		{5774A12B-4121-48A4-9B5B-56C746E9286F}.Debug|x64.Build.0 = Debug|x64
		{5774A12B-4121-48A4-9B5B-56C746E9286F}.Debug|x86.ActiveCfg = Debug|Win32
		{5774A12B-4121-48A4-9B5B-56C746E9286F}.Debug|x86.Build.0 = Debug|Win32
		{5774A12B-4121-48A4-9B5B-56C746E9286F}.Release|x64.ActiveCfg = Release|x64
		{5774A12B-4121-48A4-9B5B-56C746E9286F}.Release|x64.Build.0 = Release|x64
		{5774A12B-4121-48A4-9B5B-56C746E9286F}.Release|x86.ActiveCfg = Release|Win32
		{5774A12B-4121-48A4-9B5B-56C746E9286F}.Release|x86.Build.0 = Release|Win32
		{8B833519-A2D1-4C38-828B-0492ED0550C9}.Debug|x64.ActiveCfg = Debug|x64
		{8B833519-A2D1-4C38-828B-0492ED0550C9}.Debug|x64.Build.0 = Debug|x64
		{8B833519-A2D1-4C38-828B-0492ED0550C9}.Debug|x86.ActiveCfg = Debug|Win32
		{8B833519-A2D1-4C38-828B-0492ED0550C9}.Debug|x86.Build.0 = Debug|Win32
		{8B833519-A2D1-4C38-828B-0492ED0550C9}.Release|x64.ActiveCfg = Release|x64
		{8B833519-A2D1-4C38-828B-0492ED0550C9}.Release|x64.Build.0 = Release|x64
		{8B833519-A2D1-4C38-828B-0492ED0550C9}.Release|x86.ActiveCfg = Release|Win32
		{8B833519-A2D1-4C38-828B-0492ED0550C9}.Release|x86.Build.0 = Release|Win32
		{259B9C0B-EE76-455D-90C0-875FEE7A9BA5}.Debug|x64.ActiveCfg = Debug|x64
		{259B9C0B-EE76-455D-90C0-875FEE7A9BA5}.Debug|x64.Build.0 = Debug|x64
		{259B9C0B-EE76-455D-90C0-875FEE7A9BA5}.Debug|x86.ActiveCfg = Debug|Win32
		{259B9C0B-EE76-455D-90C0-875FEE7A9BA5}.Debug|x86.Build.0 = Debug|Win32
		{259B9C0B-EE76-455D-90C0-875FEE7A9BA5}.Release|x64.ActiveCfg = Release|x64
		{259B9C0B-EE76-455D-90C0-875FEE7A9BA5}.Release|x64.Build.0 = Release|x64
		{259B9C0B-EE76-455D-90C0-875FEE7A9BA5}.Release|x86.ActiveCfg = Release|Win32
		{259B9C0B-EE76-455D-90C0-875FEE7A9BA5}.Release|x86.Build.0 = Release|Win32
		{1B26E4CE-7225-4442-9794-B091504AC405}.Debug|x64.ActiveCfg = Debug|x64
		{1B26E4CE-7225-4442-9794-B091504AC405}.Debug|x64.Build.0 = Debug|x64
		{1B26E4CE-7225-4442-9794-B091504AC405}.Debug|x86.ActiveCfg = Debug|Win32
		{1B26E4CE-7225-4442-9794-B091504AC405}.Debug|x86.Build.0 = Debug|Win32
		{1B26E4CE-7225-4442-9794-B091504AC405}.Release|x64.ActiveCfg = Release|x64
		{1B26E4CE-7225-4442-9794-B091504AC405}.Release|x64.Build.0 = Release|x64
		{1B26E4CE-7225-4442-9794-B091504AC405}.Release|x86.ActiveCfg = Release|Win32
		{1B26E4CE-7225-4442-9794-B091504AC405}.Release|x86.Build.0 = Release|Win32
		{1901D3AD-566B-4084-818C-8E61BB24F385}.Debug|x64.ActiveCfg = Debug|x64
		{1901D3AD-566B-4084-818C-8E61BB24F385}.Debug|x64.Build.0 = Debug|x64
		{1901D3AD-566B-4084-818C-8E61BB24F385}.Debug|x86.ActiveCfg = Debug|Win32
		{1901D3AD-566B-4084-818C-8E61BB24F385}.Debug|x86.Build.0 = Debug|Win32
		{1901D3AD-566B-4084-818C-8E61BB24F385}.Release|x64.ActiveCfg = Release|x64
		{1901D3AD-566B-4084-818C-8E61BB24F385}.Release|x64.Build.0 = Release|x64
		{1901D3AD-566B-4084-818C-8E61BB24F385}.Release|x86.ActiveCfg = Release|Win32
		{1901D3AD-566B-4084-818C-8E61BB24F385}.Release|x86.Build.0 = Release|Win32
		{027F570A-57CF-44B7-A3A5-74B676E188C8}.Debug|x64.ActiveCfg = Debug|x64
		{027F570A-57CF-44B7-A3A5-74B676E188C8}.Debug|x64.Build.0 = Debug|x64
		{027F570A-57CF-44B7-A3A5-74B676E188C8}.Debug|x86.ActiveCfg = Debug|Win32
		{027F570A-57CF-44B7-A3A5-74B676E188C8}.Debug|x86.Build.0 = Debug|Win32
		{027F570A-57CF-44B7-A3A5-74B676E188C8}.Release|x64.ActiveCfg = Release|x64
		{027F570A-57CF-44B7-A3A5-74B676E188C8}.Release|x64.Build.0 = Release|x64
		{027F570A-57CF-44B7-A3A5-74B676E188C8}.Release|x86.ActiveCfg = Release|Win32
		{027F570A-57CF-44B7-A3A5-74B676E188C8}.Release|x86.Build.0 = Release|Win32
		{D71500D7-C0C7-4F1B-81AD-5C3535507328}.Debug|x64.ActiveCfg = Debug|x64
		{D71500D7-C0C7-4F1B-81AD-5C3535507328}.Debug|x64.Build.0 = Debug|x64
		{D71500D7-C0C7-4F1B-81AD-5C3535507328}.Debug|x86.ActiveCfg = Debug|Win32
		{D71500D7-C0C7-4F1B-81AD-5C3535507328}.Debug|x86.Build.0 = Debug|Win32
		{D71500D7-C0C7-4F1B-81AD-5C3535507328}.Release|x64.ActiveCfg = Release|x64
		{D71500D7-C0C7-4F1B-81AD-5C3535507328}.Release|x64.Build.0 = Release|x64
		{D71500D7-C0C7-4F1B-81AD-5C3535507328}.Release|x86.ActiveCfg = Release|Win32
		{D71500D7-C0C7-4F1B-81AD-5C3535507328}.Release|x86.Build.0 = Release|Win32
		{F330A30F-BAD2-42D6-A164-608DE5792B21}.Debug|x64.ActiveCfg = Debug|x64
		{F330A30F-BAD2-42D6-A164-608DE5792B21}.Debug|x64.Build.0 = Debug|x64
		{F330A30F-BAD2-42D6-A164-608DE5792B21}.Debug|x86.ActiveCfg = Debug|Win32
		{F330A30F-BAD2-42D6-A164-608DE5792B21}.Debug|x86.Build.0 = Debug|Win32
		{F330A30F-BAD2-42D6-A164-608DE5792B21}.Release|x64.ActiveCfg = Release|x64
		{F330A30F-BAD2-42D6-A164-608DE5792B21}.Release|x64.Build.0 = Release|x64
		{F330A30F-BAD2-42D6-A164-608DE5792B21}.Release|x86.ActiveCfg = Release|Win32
		{F330A30F-BAD2-42D6-A164-608DE5792B21}.Release|x86.Build.0 = Release|Win32
		{33EF4D36-6A9F-4BC0-86CE-6014A900C769}.Debug|x64.ActiveCfg = Debug|x64
		{33EF4D36-6A9F-4BC0-86CE-6014A900C769}.Debug|x64.Build.0 = Debug|x64
		{33EF4D36-6A9F-4BC0-86CE-6014A900C769}.Debug|x86.ActiveCfg = Debug|Win32
		{33EF4D36-6A9F-4BC0-86CE-6014A900C769}.Debug|x86.Build.0 = Debug|Win32
		{33EF4D36-6A9F-4BC0-86CE-6014A900C769}.Release|x64.ActiveCfg = Release|x64
		{33EF4D36-6A9F-4BC0-86CE-6014A900C769}.Release|x64.Build.0 = Release|x64
		{33EF4D36-6A9F-4BC0-86CE-6014A900C769}.Release|x86.ActiveCfg = Release|Win32
		{33EF4D36-6A9F-4BC0-86CE-6014A900C769}.Release|x86.Build.0 = Release|Win32
		{076A0C4B-52FB-4B16-9681-FACD40B287A8}.Debug|x64.ActiveCfg = Debug|x64
		{076A0C4B-52FB-4B16-9681-FACD40B287A8}.Debug|x64.Build.0 = Debug|x64
		{076A0C4B-52FB-4B16-9681-FACD40B287A8}.Debug|x86.ActiveCfg = Debug|Win32
		{076A0C4B-52FB-4B16-9681-FACD40B287A8}.Debug|x86.Build.0 = Debug|Win32
		{076A0C4B-52FB-4B16-9681-FACD40B287A8}.Release|x64.ActiveCfg = Release|x64
		{076A0C4B-52FB-4B16-9681-FACD40B287A8}.Release|x64.Build.0 = Release|x64
		{076A0C4B-52FB-4B16-9681-FACD40B287A8}.Release|x86.ActiveCfg = Release|Win32
		{076A0C4B-52FB-4B16-9681-FACD40B287A8}.Release|x86.Build.0 = Release|Win32
		{30BDD0A0-1F38-4BF6-B3CE-B61A96D76190}.Debug|x64.ActiveCfg = Debug|x64
		{30BDD0A0-1F38-4BF6-B3CE-B61A96D76190}.Debug|x64.Build.0 = Debug|x64
		{30BDD0A0-1F38-4BF6-B3CE-B61A96D76190}.Debug|x86.ActiveCfg = Debug|Win32
		{30BDD0A0-1F38-4BF6-B3CE-B61A96D76190}.Debug|x86.Build.0 = Debug|Win32
		{30BDD0A0-1F38-4BF6-B3CE-B61A96D76190}.Release|x64.ActiveCfg = Release|x64
		{30BDD0A0-1F38-4BF6-B3CE-B61A96D76190}.Release|x64.Build.0 = Release|x64
		{30BDD0A0-1F38-4BF6-B3CE-B61A96D76190}.Release|x86.ActiveCfg = Release|Win32
		{30BDD0A0-1F38-4BF6-B3CE-B61A96D76190}.Release|x86.Build.0 = Release|Win32
		{7F78EA4E-64AA-4669-89BA-D1BCD9B73137}.Debug|x64.ActiveCfg = Debug|x64
		{7F78EA4E-64AA-4669-89BA-D1BCD9B73137}.Debug|x64.Build.0 = Debug|x64
		{7F78EA4E-64AA-4669-89BA-D1BCD9B73137}.Debug|x86.ActiveCfg = Debug|Win32
		{7F78EA4E-64AA-4669-89BA-D1BCD9B73137}.Debug|x86.Build.0 = Debug|Win32
		{7F78EA4E-64AA-4669-89BA-D1BCD9B73137}.Release|x64.ActiveCfg = Release|x64
		{7F78EA4E-64AA-4669-89BA-D1BCD9B73137}.Release|x64.Build.0 = Release|x64
		{7F78EA4E-64AA-4669-89BA-D1BCD9B73137}.Release|x86.ActiveCfg = Release|Win32
		{7F78EA4E-64AA-4669-89BA-D1BCD9B73137}.Release|x86.Build.0 = Release|Win32
		{C9E2B46D-B801-4A7E-9F87-B7DE7E3C4268}.Debug|x64.ActiveCfg = Debug|x64
		{C9E2B46D-B801-4A7E-9F87-B7DE7E3C4268}.Debug|x64.Build.0 = Debug|x64
		{C9E2B46D-B801-4A7E-9F87-B7DE7E3C4268}.Debug|x86.ActiveCfg = Debug|Win32
		{C9E2B46D-B801-4A7E-9F87-B7DE7E3C4268}.Debug|x86.Build.0 = Debug|Win32
		{C9E2B46D-B801-4A7E-9F87-B7DE7E3C4268}.Release|x64.ActiveCfg = Release|x64
		{C9E2B46D-B801-4A7E-9F87-B7DE7E3C4268}.Release|x64.Build.0 = Release|x64
		{C9E2B46D-B801-4A7E-9F87-B7DE7E3C4268}.Release|x86.ActiveCfg = Release|Win32
		{C9E2B46D-B801-4A7E-9F87-B7DE7E3C4268}.Release|x86.Build.0 = Release|Win32
		{4C8B31CB-3396-4D5A-AB73-10F806413A1C}.Debug|x64.ActiveCfg = Debug|x64
		{4C8B31CB-3396-4D5A-AB73-10F806413A1C}.Debug|x64.Build.0 = Debug|x64
		{4C8B31CB-3396-4D5A-AB73-10F806413A1C}.Debug|x86.ActiveCfg = Debug|Win32
		{4C8B31CB-3396-4D5A-AB73-10F806413A1C}.Debug|x86.Build.0 = Debug|Win32
		{4C8B31CB-3396-4D5A-AB73-10F806413A1C}.Release|x64.ActiveCfg = Release|x64
		{4C8B31CB-3396-4D5A-AB73-10F806413A1C}.Release|x64.Build.0 = Release|x64
		{4C8B31CB-3396-4D5A-AB73-10F806413A1C}.Release|x86.ActiveCfg = Release|Win32
		{4C8B31CB-3396-4D5A-AB73-10F806413A1C}.Release|x86.Build.0 = Release|Win32
		{8E7BEADA-1AD5-4DC9-AD09-7C94CAE5CC70}.Debug|x64.ActiveCfg = Debug|x64
		{8E7BEADA-1AD5-4DC9-AD09-7C94CAE5CC70}.Debug|x64.Build.0 = Debug|x64
		{8E7BEADA-1AD5-4DC9-AD09-7C94CAE5CC70}.Debug|x86.ActiveCfg = Debug|Win32
		{8E7BEADA-1AD5-4DC9-AD09-7C94CAE5CC70}.Debug|x86.Build.0 = Debug|Win32
		{8E7BEADA-1AD5-4DC9-AD09-7C94CAE5CC70}.Release|x64.ActiveCfg = Release|x64
		{8E7BEADA-1AD5-4DC9-AD09-7C94CAE5CC70}.Release|x64.Build.0 = Release|x64
		{8E7BEADA-1AD5-4DC9-AD09-7C94CAE5CC70}.Release|x86.ActiveCfg = Release|Win32
		{8E7BEADA-1AD5-4DC9-AD09-7C94CAE5CC70}.Release|x86.Build.0 = Release|Win32
		{D103F49E-F8A6-4E11-B61D-E71AE3749933}.Debug|x64.ActiveCfg = Debug|x64
		{D103F49E-F8A6-4E11-B61D-E71AE3749933}.Debug|x64.Build.0 = Debug|x64
		{D103F49E-F8A6-4E11-B61D-E71AE3749933}.Debug|x86.ActiveCfg = Debug|Win32
		{D103F49E-F8A6-4E11-B61D-E71AE3749933}.Debug|x86.Build.0 = Debug|Win32
		{D103F49E-F8A6-4E11-B61D-E71AE3749933}.Release|x64.ActiveCfg = Release|x64
		{D103F49E-F8A6-4E11-B61D-E71AE3749933}.Release|x64.Build.0 = Release|x64
		{D103F49E-F8A6-4E11-B61D-E71AE3749933}.Release|x86.ActiveCfg = Release|Win32
		{D103F49E-F8A6-4E11-B61D-E71AE3749933}.Release|x86.Build.0 = Release|Win32
		{80E65A95-0E22-495A-865F-592563EDBAAC}.Debug|x64.ActiveCfg = Debug|x64
		{80E65A95-0E22-495A-865F-592563EDBAAC}.Debug|x64.Build.0 = Debug|x64
		{80E65A95-0E22-495A-865F-592563EDBAAC}.Debug|x86.ActiveCfg = Debug|Win32
		{80E65A95-0E22-495A-865F-592563EDBAAC}.Debug|x86.Build.0 = Debug|Win32
		{80E65A95-0E22-495A-865F-592563EDBAAC}.Release|x64.ActiveCfg = Release|x64
		{80E65A95-0E22-495A-865F-592563EDBAAC}.Release|x64.Build.0 = Release|x64
		{80E65A95-0E22-495A-865F-592563EDBAAC}.Release|x86.ActiveCfg = Release|Win32
		{80E65A95-0E22-495A-865F-592563EDBAAC}.Release|x86.Build.0 = Release|Win32
		{4EA52EF2-0951-4DCD-808C-91039F2F93E1}.Debug|x64.ActiveCfg = Debug|x64
		{4EA52EF2-0951-4DCD-808C-91039F2F93E1}.Debug|x64.Build.0 = Debug|x64
		{4EA52EF2-0951-4DCD-808C-91039F2F93E1}.Debug|x86.ActiveCfg = Debug|Win32
		{4EA52EF2-0951-4DCD-808C-91039F2F93E1}.Debug|x86.Build.0 = Debug|Win32
		{4EA52EF2-0951-4DCD-808C-91039F2F93E1}.Release|x64.ActiveCfg = Release|x64
		{4EA52EF2-0951-4DCD-808C-91039F2F93E1}.Release|x64.Build.0 = Release|x64
		{4EA52EF2-0951-4DCD-808C-91039F2F93E1}.Release|x86.ActiveCfg = Release|Win32
		{4EA52EF2-0951-4DCD-808C-91039F2F93E1}.Release|x86.Build.0 = Release|Win32
		{FC9B747F-2FC9-45BD-8A8B-E5018F5E28CA}.Debug|x64.ActiveCfg = Debug|x64
		{FC9B747F-2FC9-45BD-8A8B-E5018F5E28CA}.Debug|x64.Build.0 = Debug|x64
		{FC9B747F-2FC9-45BD-8A8B-E5018F5E28CA}.Debug|x86.ActiveCfg = Debug|Win32
		{FC9B747F-2FC9-45BD-8A8B-E5018F5E28CA}.Debug|x86.Build.0 = Debug|Win32
		{FC9B747F-2FC9-45BD-8A8B-E5018F5E28CA}.Release|x64.ActiveCfg = Release|x64
		{FC9B747F-2FC9-45BD-8A8B-E5018F5E28CA}.Release|x64.Build.0 = Release|x64
		{FC9B747F-2FC9-45BD-8A8B-E5018F5E28CA}.Release|x86.ActiveCfg = Release|Win32
		{FC9B747F-2FC9-45BD-8A8B-E5018F5E28CA}.Release|x86.Build.0 = Release|Win32
		{3D26C78F-B068-4BCD-AF7D-DFB9BCA2A57B}.Debug|x64.ActiveCfg = Debug|x64
		{3D26C78F-B068-4BCD-AF7D-DFB9BCA2A57B}.Debug|x64.Build.0 = Debug|x64
		{3D26C78F-B068-4BCD-AF7D-DFB9BCA2A57B}.Debug|x86.ActiveCfg = Debug|Win32
		{3D26C78F-B068-4BCD-AF7D-DFB9BCA2A57B}.Debug|x86.Build.0 = Debug|Win32
		{3D26C78F-B068-4BCD-AF7D-DFB9BCA2A57B}.Release|x64.ActiveCfg = Release|x64
		{3D26C78F-B068-4BCD-AF7D-DFB9BCA2A57B}.Release|x64.Build.0 = Release|x64
		{3D26C78F-B068-4BCD-AF7D-DFB9BCA2A57B}.Release|x86.ActiveCfg = Release|Win32
		{3D26C78F-B068-4BCD-AF7D-DFB9BCA2A57B}.Release|x86.Build.0 = Release|Win32
		{35827D5D-7FB9-4643-844F-3FA151BFE9D2}.Debug|x64.ActiveCfg = Debug|x64
		{35827D5D-7FB9-4643-844F-3FA151BFE9D2}.Debug|x64.Build.0 = Debug|x64
		{35827D5D-7FB9-4643-844F-3FA151BFE9D2}.Debug|x86.ActiveCfg = Debug|Win32
		{35827D5D-7FB9-4643-844F-3FA151BFE9D2}.Debug|x86.Build.0 = Debug|Win32
		{35827D5D-7FB9-4643-844F-3FA151BFE9D2}.Release|x64.ActiveCfg = Release|x64
		{35827D5D-7FB9-4643-844F-3FA151BFE9D2}.Release|x64.Build.0 = Release|x64
		{35827D5D-7FB9-4643-844F-3FA151BFE9D2}.Release|x86.ActiveCfg = Release|Win32
		{35827D5D-7FB9-4643-844F-3FA151BFE9D2}.Release|x86.Build.0 = Release|Win32
		{9BB45325-DFFB-4BDC-B16D-7543AD09605A}.Debug|x64.ActiveCfg = Debug|x64
		{9BB45325-DFFB-4BDC-B16D-7543AD09605A}.Debug|x64.Build.0 = Debug|x64
		{9BB45325-DFFB-4BDC-B16D-7543AD09605A}.Debug|x86.ActiveCfg = Debug|Win32
		{9BB45325-DFFB-4BDC-B16D-7543AD09605A}.Debug|x86.Build.0 = Debug|Win32
		{9BB45325-DFFB-4BDC-B16D-7543AD09605A}.Release|x64.ActiveCfg = Release|x64
		{9BB45325-DFFB-4BDC-B16D-7543AD09605A}.Release|x64.Build.0 = Release|x64
		{9BB45325-DFFB-4BDC-B16D-7543AD09605A}.Release|x86.ActiveCfg = Release|Win32
		{9BB45325-DFFB-4BDC-B16D-7543AD09605A}.Release|x86.Build.0 = Release|Win32
		{9EF13BE9-702F-4C5E-8369-098C148953BE}.Debug|x64.ActiveCfg = Debug|x64
		{9EF13BE9-702F-4C5E-8369-098C148953BE}.Debug|x64.Build.0 = Debug|x64
		{9EF13BE9-702F-4C5E-8369-098C148953BE}.Debug|x86.ActiveCfg = Debug|Win32
		{9EF13BE9-702F-4C5E-8369-098C148953BE}.Debug|x86.Build.0 = Debug|Win32
		{9EF13BE9-702F-4C5E-8369-098C148953BE}.Release|x64.ActiveCfg = Release|x64
		{9EF13BE9-702F-4C5E-8369-098C148953BE}.Release|x64.Build.0 = Release|x64
		{9EF13BE9-702F-4C5E-8369-098C148953BE}.Release|x86.ActiveCfg = Release|Win32
		{9EF13BE9-702F-4C5E-8369-098C148953BE}.Release|x86.Build.0 = Release|Win32
		{7322F29A-B40C-47F1-980F-EB0CB789CEF4}.Debug|x64.ActiveCfg = Debug|x64
		{7322F29A-B40C-47F1-980F-EB0CB789CEF4}.Debug|x64.Build.0 = Debug|x64
		{7322F29A-B40C-47F1-980F-EB0CB789CEF4}.Debug|x86.ActiveCfg = Debug|Win32
		{7322F29A-B40C-47F1-980F-EB0CB789CEF4}.Debug|x86.Build.0 = Debug|Win32
		{7322F29A-B40C-47F1-980F-EB0CB789CEF4}.Release|x64.ActiveCfg = Release|x64
		{7322F29A-B40C-47F1-980F-EB0CB789CEF4}.Release|x64.Build.0 = Release|x64
		{7322F29A-B40C-47F1-980F-EB0CB789CEF4}.Release|x86.ActiveCfg = Release|Win32
		{7322F29A-B40C-47F1-980F-EB0CB789CEF4}.Release|x86.Build.0 = Release|Win32
		{164AA563-46F3-49AD-952B-35F42BD1A53C}.Debug|x64.ActiveCfg = Debug|x64
		{164AA563-46F3-49AD-952B-35F42BD1A53C}.Debug|x64.Build.0 = Debug|x64
		{164AA563-46F3-49AD-952B-35F42BD1A53C}.Debug|x86.ActiveCfg = Debug|Win32
		{164AA563-46F3-49AD-952B-35F42BD1A53C}.Debug|x86.Build.0 = Debug|Win32
		{164AA563-46F3-49AD-952B-35F42BD1A53C}.Release|x64.ActiveCfg = Release|x64
		{164AA563-46F3-49AD-952B-35F42BD1A53C}.Release|x64.Build.0 = Release|x64
		{164AA563-46F3-49AD-952B-35F42BD1A53C}.Release|x86.ActiveCfg = Release|Win32
		{164AA563-46F3-49AD-952B-35F42BD1A53C}.Release|x86.Build.0 = Release|Win32
		{59CB036E-EB0C-4ED0-AD00-6FA45EA0D581}.Debug|x64.ActiveCfg = Debug|x64
		{59CB036E-EB0C-4ED0-AD00-6FA45EA0D581}.Debug|x64.Build.0 = Debug|x64
		{59CB036E-EB0C-4ED0-AD00-6FA45EA0D581}.Debug|x86.ActiveCfg = Debug|Win32
		{59CB036E-EB0C-4ED0-AD00-6FA45EA0D581}.Debug|x86.Build.0 = Debug|Win32
		{59CB036E-EB0C-4ED0-AD00-6FA45EA0D581}.Release|x64.ActiveCfg = Release|x64
		{59CB036E-EB0C-4ED0-AD00-6FA45EA0D581}.Release|x64.Build.0 = Release|x64
		{59CB036E-EB0C-4ED0-AD00-6FA45EA0D581}.Release|x86.ActiveCfg = Release|Win32
		{59CB036E-EB0C-4ED0-AD00-6FA45EA0D581}.Release|x86.Build.0 = Release|Win32
		{DE66620F-C52F-43E8-BA60-8BB21824C581}.Debug|x64.ActiveCfg = Debug|x64
		{DE66620F-C52F-43E8-BA60-8BB21824C581}.Debug|x64.Build.0 = Debug|x64
		{DE66620F-C52F-43E8-BA60-8BB21824C581}.Debug|x86.ActiveCfg = Debug|Win32
		{DE66620F-C52F-43E8-BA60-8BB21824C581}.Debug|x86.Build.0 = Debug|Win32
		{DE66620F-C52F-43E8-BA60-8BB21824C581}.Release|x64.ActiveCfg = Release|x64
		{DE66620F-C52F-43E8-BA60-8BB21824C581}.Release|x64.Build.0 = Release|x64
		{DE66620F-C52F-43E8-BA60-8BB21824C581}.Release|x86.ActiveCfg = Release|Win32
		{DE66620F-C52F-43E8-BA60-8BB21824C581}.Release|x86.Build.0 = Release|Win32
		{79E20029-3A6F-4AC0-A443-608FA1447BAC}.Debug|x64.ActiveCfg = Debug|x64
		{79E20029-3A6F-4AC0-A443-608FA1447BAC}.Debug|x64.Build.0 = Debug|x64
		{79E20029-3A6F-4AC0-A443-608FA1447BAC}.Debug|x86.ActiveCfg = Debug|Win32
		{79E20029-3A6F-4AC0-A443-608FA1447BAC}.Debug|x86.Build.0 = Debug|Win32
		{79E20029-3A6F-4AC0-A443-608FA1447BAC}.Release|x64.ActiveCfg = Release|x64
		{79E20029-3A6F-4AC0-A443-608FA1447BAC}.Release|x64.Build.0 = Release|x64
		{79E20029-3A6F-4AC0-A443-608FA1447BAC}.Release|x86.ActiveCfg = Release|Win32
		{79E20029-3A6F-4AC0-A443-608FA1447BAC}.Release|x86.Build.0 = Release|Win32
		{CA826355-8B46-44D3-BFAD-3BD4FF38C1A3}.Debug|x64.ActiveCfg = Debug|x64
		{CA826355-8B46-44D3-BFAD-3BD4FF38C1A3}.Debug|x64.Build.0 = Debug|x64
		{CA826355-8B46-44D3-BFAD-3BD4FF38C1A3}.Debug|x86.ActiveCfg = Debug|Win32
		{CA826355-8B46-44D3-BFAD-3BD4FF38C1A3}.Debug|x86.Build.0 = Debug|Win32
		{CA826355-8B46-44D3-BFAD-3BD4FF38C1A3}.Release|x64.ActiveCfg = Release|x64
		{CA826355-8B46-44D3-BFAD-3BD4FF38C1A3}.Release|x64.Build.0 = Release|x64
		{CA826355-8B46-44D3-BFAD-3BD4FF38C1A3}.Release|x86.ActiveCfg = Release|Win32
		{CA826355-8B46-44D3-BFAD-3BD4FF38C1A3}.Release|x86.Build.0 = Release|Win32
		{83FE672D-D5EB-4F3E-8D26-62011D4BB758}.Debug|x64.ActiveCfg = Debug|x64
		{83FE672D-D5EB-4F3E-8D26-62011D4BB758}.Debug|x64.Build.0 = Debug|x64
		{83FE672D-D5EB-4F3E-8D26-62011D4BB758}.Debug|x86.ActiveCfg = Debug|Win32
		{83FE672D-D5EB-4F3E-8D26-62011D4BB758}.Debug|x86.Build.0 = Debug|Win32
		{83FE672D-D5EB-4F3E-8D26-62011D4BB758}.Release|x64.ActiveCfg = Release|x64
		{83FE672D-D5EB-4F3E-8D26-62011D4BB758}.Release|x64.Build.0 = Release|x64
		{83FE672D-D5EB-4F3E-8D26-62011D4BB758}.Release|x86.ActiveCfg = Release|Win32
		{83FE672D-D5EB-4F3E-8D26-62011D4BB758}.Release|x86.Build.0 = Release|Win32
		{09D4F9CC-8C21-402C-96AA-35EAB7E0901F}.Debug|x64.ActiveCfg = Debug|x64
		{09D4F9CC-8C21-402C-96AA-35EAB7E0901F}.Debug|x64.Build.0 = Debug|x64
		{09D4F9CC-8C21-402C-96AA-35EAB7E0901F}.Debug|x86.ActiveCfg = Debug|Win32
		{09D4F9CC-8C21-402C-96AA-35EAB7E0901F}.Debug|x86.Build.0 = Debug|Win32
		{09D4F9CC-8C21-402C-96AA-35EAB7E0901F}.Release|x64.ActiveCfg = Release|x64
		{09D4F9CC-8C21-402C-96AA-35EAB7E0901F}.Release|x64.Build.0 = Release|x64
		{09D4F9CC-8C21-402C-96AA-35EAB7E0901F}.Release|x86.ActiveCfg = Release|Win32
		{09D4F9CC-8C21-402C-96AA-35EAB7E0901F}.Release|x86.Build.0 = Release|Win32
		{DA4BF0EB-F0FA-4B17-81C1-7367CE478993}.Debug|x64.ActiveCfg = Debug|x64
		{DA4BF0EB-F0FA-4B17-81C1-7367CE478993}.Debug|x64.Build.0 = Debug|x64
		{DA4BF0EB-F0FA-4B17-81C1-7367CE478993}.Debug|x86.ActiveCfg = Debug|Win32
		{DA4BF0EB-F0FA-4B17-81C1-7367CE478993}.Debug|x86.Build.0 = Debug|Win32
		{DA4BF0EB-F0FA-4B17-81C1-7367CE478993}.Release|x64.ActiveCfg = Release|x64
		{DA4BF0EB-F0FA-4B17-81C1-7367CE478993}.Release|x64.Build.0 = Release|x64
		{DA4BF0EB-F0FA-4B17-81C1-7367CE478993}.Release|x86.ActiveCfg = Release|Win32
		{DA4BF0EB-F0FA-4B17-81C1-7367CE478993}.Release|x86.Build.0 = Release|Win32
		{5DB13E39-81A6-47CB-9B0B-544429EE750A}.Debug|x64.ActiveCfg = Debug|x64
		{5DB13E39-81A6-47CB-9B0B-544429EE750A}.Debug|x64.Build.0 = Debug|x64
		{5DB13E39-81A6-47CB-9B0B-544429EE750A}.Debug|x86.ActiveCfg = Debug|Win32
		{5DB13E39-81A6-47CB-9B0B-544429EE750A}.Debug|x86.Build.0 = Debug|Win32
		{5DB13E39-81A6-47CB-9B0B-544429EE750A}.Release|x64.ActiveCfg = Release|x64
		{5DB13E39-81A6-47CB-9B0B-544429EE750A}.Release|x64.Build.0 = Release|x64
		{5DB13E39-81A6-47CB-9B0B-544429EE750A}.Release|x86.ActiveCfg = Release|Win32
		{5DB13E39-81A6-47CB-9B0B-544429EE750A}.Release|x86.Build.0 = Release|Win32
		{28C2636F-7A48-44AF-AB25-7E0CD80967E4}.Debug|x64.ActiveCfg = Debug|x64
		{28C2636F-7A48-44AF-AB25-7E0CD80967E4}.Debug|x64.Build.0 = Debug|x64
		{28C2636F-7A48-44AF-AB25-7E0CD80967E4}.Debug|x86.ActiveCfg = Debug|Win32
		{28C2636F-7A48-44AF-AB25-7E0CD80967E4}.Debug|x86.Build.0 = Debug|Win32
		{28C2636F-7A48-44AF-AB25-7E0CD80967E4}.Release|x64.ActiveCfg = Release|x64
		{28C2636F-7A48-44AF-AB25-7E0CD80967E4}.Release|x64.Build.0 = Release|x64
		{28C2636F-7A48-44AF-AB25-7E0CD80967E4}.Release|x86.ActiveCfg = Release|Win32
		{28C2636F-7A48-44AF-AB25-7E0CD80967E4}.Release|x86.Build.0 = Release|Win32
		{059CC7C4-65AA-41E6-BF3B-508AE274505F}.Debug|x64.ActiveCfg = Debug|x64
		{059CC7C4-65AA-41E6-BF3B-508AE274505F}.Debug|x64.Build.0 = Debug|x64
		{059CC7C4-65AA-41E6-BF3B-508AE274505F}.Debug|x86.ActiveCfg = Debug|Win32
		{059CC7C4-65AA-41E6-BF3B-508AE274505F}.Debug|x86.Build.0 = Debug|Win32
		{059CC7C4-65AA-41E6-BF3B-508AE274505F}.Release|x64.ActiveCfg = Release|x64
		{059CC7C4-65AA-41E6-BF3B-508AE274505F}.Release|x64.Build.0 = Release|x64
		{059CC7C4-65AA-41E6-BF3B-508AE274505F}.Release|x86.ActiveCfg = Release|Win32
		{059CC7C4-65AA-41E6-BF3B-508AE274505F}.Release|x86.Build.0 = Release|Win32
		{C6E1D1E6-360C-442F-9606-BC94D1C65DB2}.Debug|x64.ActiveCfg = Debug|x64
		{C6E1D1E6-360C-442F-9606-BC94D1C65DB2}.Debug|x64.Build.0 = Debug|x64
		{C6E1D1E6-360C-442F-9606-BC94D1C65DB2}.Debug|x86.ActiveCfg = Debug|Win32
		{C6E1D1E6-360C-442F-9606-BC94D1C65DB2}.Debug|x86.Build.0 = Debug|Win32
		{C6E1D1E6-360C-442F-9606-BC94D1C65DB2}.Release|x64.ActiveCfg = Release|x64
		{C6E1D1E6-360C-442F-9606-BC94D1C65DB2}.Release|x64.Build.0 = Release|x64
		{C6E1D1E6-360C-442F-9606-BC94D1C65DB2}.Release|x86.ActiveCfg = Release|Win32
		{C6E1D1E6-360C-442F-9606-BC94D1C65DB2}.Release|x86.Build.0 = Release|Win32
		{8E32C626-D9F6-4A80-A7C8-DA56E7F8FB58}.Debug|x64.ActiveCfg = Debug|x64
		{8E32C626-D9F6-4A80-A7C8-DA56E7F8FB58}.Debug|x64.Build.0 = Debug|x64
		{8E32C626-D9F6-4A80-A7C8-DA56E7F8FB58}.Debug|x86.ActiveCfg = Debug|Win32
		{8E32C626-D9F6-4A80-A7C8-DA56E7F8FB58}.Debug|x86.Build.0 = Debug|Win32
		{8E32C626-D9F6-4A80-A7C8-DA56E7F8FB58}.Release|x64.ActiveCfg = Release|x64
		{8E32C626-D9F6-4A80-A7C8-DA56E7F8FB58}.Release|x64.Build.0 = Release|x64
		{8E32C626-D9F6-4A80-A7C8-DA56E7F8FB58}.Release|x86.ActiveCfg = Release|Win32
		{8E32C626-D9F6-4A80-A7C8-DA56E7F8FB58}.Release|x86.Build.0 = Release|Win32
		{59DC5017-BDD8-42CE-9EA0-D0F1D41F92B0}.Debug|x64.ActiveCfg = Debug|x64
		{59DC5017-BDD8-42CE-9EA0-D0F1D41F92B0}.Debug|x64.Build.0 = Debug|x64
		{59DC5017-BDD8-42CE-9EA0-D0F1D41F92B0}.Debug|x86.ActiveCfg = Debug|Win32
		{59DC5017-BDD8-42CE-9EA0-D0F1D41F92B0}.Debug|x86.Build.0 = Debug|Win32
		{59DC5017-BDD8-42CE-9EA0-D0F1D41F92B0}.Release|x64.ActiveCfg = Release|x64
		{59DC5017-BDD8-42CE-9EA0-D0F1D41F92B0}.Release|x64.Build.0 = Release|x64
		{59DC5017-BDD8-42CE-9EA0-D0F1D41F92B0}.Release|x86.ActiveCfg = Release|Win32
		{59DC5017-BDD8-42CE-9EA0-D0F1D41F92B0}.Release|x86.Build.0 = Release|Win32
		{6DA97934-3F18-4BEE-9C29-D091AE06E615}.Debug|x64.ActiveCfg = Debug|x64
		{6DA97934-3F18-4BEE-9C29-D091AE06E615}.Debug|x64.Build.0 = Debug|x64
		{6DA97934-3F18-4BEE-9C29-D091AE06E615}.Debug|x86.ActiveCfg = Debug|Win32
		{6DA97934-3F18-4BEE-9C29-D091AE06E615}.Debug|x86.Build.0 = Debug|Win32
		{6DA97934-3F18-4BEE-9C29-D091AE06E615}.Release|x64.ActiveCfg = Release|x64
		{6DA97934-3F18-4BEE-9C29-D091AE06E615}.Release|x64.Build.0 = Release|x64
		{6DA97934-3F18-4BEE-9C29-D091AE06E615}.Release|x86.ActiveCfg = Release|Win32
		{6DA97934-3F18-4BEE-9C29-D091AE06E615}.Release|x86.Build.0 = Release|Win32
		{5659CB39-7B02-4787-92D5-EAFB46EDEFFE}.Debug|x64.ActiveCfg = Debug|x64
		{5659CB39-7B02-4787-92D5-EAFB46EDEFFE}.Debug|x64.Build.0 = Debug|x64
		{5659CB39-7B02-4787-92D5-EAFB46EDEFFE}.Debug|x86.ActiveCfg = Debug|Win32
		{5659CB39-7B02-4787-92D5-EAFB46EDEFFE}.Debug|x86.Build.0 = Debug|Win32
		{5659CB39-7B02-4787-92D5-EAFB46EDEFFE}.Release|x64.ActiveCfg = Release|x64
		{5659CB39-7B02-4787-92D5-EAFB46EDEFFE}.Release|x64.Build.0 = Release|x64
		{5659CB39-7B02-4787-92D5-EAFB46EDEFFE}.Release|x86.ActiveCfg = Release|Win32
		{5659CB39-7B02-4787-92D5-EAFB46EDEFFE}.Release|x86.Build.0 = Release|Win32
		{E9B77C2F-45EA-45D9-BBD2-F157791E194F}.Debug|x64.ActiveCfg = Debug|x64
		{E9B77C2F-45EA-45D9-BBD2-F157791E194F}.Debug|x64.Build.0 = Debug|x64
		{E9B77C2F-45EA-45D9-BBD2-F157791E194F}.Debug|x86.ActiveCfg = Debug|Win32
		{E9B77C2F-45EA-45D9-BBD2-F157791E194F}.Debug|x86.Build.0 = Debug|Win32
		{E9B77C2F-45EA-45D9-BBD2-F157791E194F}.Release|x64.ActiveCfg = Release|x64
		{E9B77C2F-45EA-45D9-BBD2-F157791E194F}.Release|x64.Build.0 = Release|x64
		{E9B77C2F-45EA-45D9-BBD2-F157791E194F}.Release|x86.ActiveCfg = Release|Win32
		{E9B77C2F-45EA-45D9-BBD2-F157791E194F}.Release|x86.Build.0 = Release|Win32
		{21B6084C-E7E4-427C-88B6-FED61D33658C}.Debug|x64.ActiveCfg = Debug|x64
		{21B6084C-E7E4-427C-88B6-FED61D33658C}.Debug|x64.Build.0 = Debug|x64
		{21B6084C-E7E4-427C-88B6-FED61D33658C}.Debug|x86.ActiveCfg = Debug|Win32
		{21B6084C-E7E4-427C-88B6-FED61D33658C}.Debug|x86.Build.0 = Debug|Win32
		{21B6084C-E7E4-427C-88B6-FED61D33658C}.Release|x64.ActiveCfg = Release|x64
		{21B6084C-E7E4-427C-88B6-FED61D33658C}.Release|x64.Build.0 = Release|x64
		{21B6084C-E7E4-427C-88B6-FED61D33658C}.Release|x86.ActiveCfg = Release|Win32
		{21B6084C-E7E4-427C-88B6-FED61D33658C}.Release|x86.Build.0 = Release|Win32
		{70B84326-67FD-4324-94E8-0DD64103AA24}.Debug|x64.ActiveCfg = Debug|x64
		{70B84326-67FD-4324-94E8-0DD64103AA24}.Debug|x64.Build.0 = Debug|x64
		{70B84326-67FD-4324-94E8-0DD64103AA24}.Debug|x86.ActiveCfg = Debug|Win32
		{70B84326-67FD-4324-94E8-0DD64103AA24}.Debug|x86.Build.0 = Debug|Win32
		{70B84326-67FD-4324-94E8-0DD64103AA24}.Release|x64.ActiveCfg = Release|x64
		{70B84326-67FD-4324-94E8-0DD64103AA24}.Release|x64.Build.0 = Release|x64
		{70B84326-67FD-4324-94E8-0DD64103AA24}.Release|x86.ActiveCfg = Release|Win32
		{70B84326-67FD-4324-94E8-0DD64103AA24}.Release|x86.Build.0 = Release|Win32
		{3B23B13C-BD2B-48BD-BEEB-D5CB737371AD}.Debug|x64.ActiveCfg = Debug|x64
		{3B23B13C-BD2B-48BD-BEEB-D5CB737371AD}.Debug|x64.Build.0 = Debug|x64
		{3B23B13C-BD2B-48BD-BEEB-D5CB737371AD}.Debug|x86.ActiveCfg = Debug|Win32
		{3B23B13C-BD2B-48BD-BEEB-D5CB737371AD}.Debug|x86.Build.0 = Debug|Win32
		{3B23B13C-BD2B-48BD-BEEB-D5CB737371AD}.Release|x64.ActiveCfg = Release|x64
		{3B23B13C-BD2B-48BD-BEEB-D5CB737371AD}.Release|x64.Build.0 = Release|x64
		{3B23B13C-BD2B-48BD-BEEB-D5CB737371AD}.Release|x86.ActiveCfg = Release|Win32
		{3B23B13C-BD2B-48BD-BEEB-D5CB737371AD}.Release|x86.Build.0 = Release|Win32
		{CD58A3D3-8895-4125-9673-ACCA1443C6FF}.Debug|x64.ActiveCfg = Debug|x64
		{CD58A3D3-8895-4125-9673-ACCA1443C6FF}.Debug|x64.Build.0 = Debug|x64
		{CD58A3D3-8895-4125-9673-ACCA1443C6FF}.Debug|x86.ActiveCfg = Debug|Win32
		{CD58A3D3-8895-4125-9673-ACCA1443C6FF}.Debug|x86.Build.0 = Debug|Win32
		{CD58A3D3-8895-4125-9673-ACCA1443C6FF}.Release|x64.ActiveCfg = Release|x64
		{CD58A3D3-8895-4125-9673-ACCA1443C6FF}.Release|x64.Build.0 = Release|x64
		{CD58A3D3-8895-4125-9673-ACCA1443C6FF}.Release|x86.ActiveCfg = Release|Win32
		{CD58A3D3-8895-4125-9673-ACCA1443C6FF}.Release|x86.Build.0 = Release|Win32
	EndGlobalSection
	GlobalSection(SolutionProperties) = preSolution
		HideSolutionNode = FALSE
	EndGlobalSection
	GlobalSection(ExtensibilityGlobals) = postSolution
		SolutionGuid = {3DDC3B66-D6BC-4913-90A2-41B6516E6240}
	EndGlobalSection
EndGlobal
